
Microsoft Visual Studio Solution File, Format Version 12.00
# Visual Studio Version 17
VisualStudioVersion = 17.5.33627.172
MinimumVisualStudioVersion = 10.0.40219.1
Project("{FAE04EC0-301F-11D3-BF4B-00C04F79EFBC}") = "Cine", "Cine\Cine.csproj", "{F998D12D-D8EA-4507-B7AE-AB48411F9996}"
EndProject
Project("{FAE04EC0-301F-11D3-BF4B-00C04F79EFBC}") = "ProjetoTestes", "ProjetoTestes\ProjetoTestes.csproj", "{0A15D09C-88BD-46B9-BC24-4EE561960867}"
EndProject
Global
	GlobalSection(SolutionConfigurationPlatforms) = preSolution
		Debug|Any CPU = Debug|Any CPU
		Release|Any CPU = Release|Any CPU
	EndGlobalSection
	GlobalSection(ProjectConfigurationPlatforms) = postSolution
		{F998D12D-D8EA-4507-B7AE-AB48411F9996}.Debug|Any CPU.ActiveCfg = Debug|Any CPU
		{F998D12D-D8EA-4507-B7AE-AB48411F9996}.Debug|Any CPU.Build.0 = Debug|Any CPU
		{F998D12D-D8EA-4507-B7AE-AB48411F9996}.Release|Any CPU.ActiveCfg = Release|Any CPU
		{F998D12D-D8EA-4507-B7AE-AB48411F9996}.Release|Any CPU.Build.0 = Release|Any CPU
		{0A15D09C-88BD-46B9-BC24-4EE561960867}.Debug|Any CPU.ActiveCfg = Debug|Any CPU
		{0A15D09C-88BD-46B9-BC24-4EE561960867}.Debug|Any CPU.Build.0 = Debug|Any CPU
		{0A15D09C-88BD-46B9-BC24-4EE561960867}.Release|Any CPU.ActiveCfg = Release|Any CPU
		{0A15D09C-88BD-46B9-BC24-4EE561960867}.Release|Any CPU.Build.0 = Release|Any CPU
	EndGlobalSection
	GlobalSection(SolutionProperties) = preSolution
		HideSolutionNode = FALSE
	EndGlobalSection
	GlobalSection(ExtensibilityGlobals) = postSolution
		SolutionGuid = {D65BD6C0-37F5-4B38-A363-AA60CB37A85D}
	EndGlobalSection
EndGlobal
